
Microsoft Visual Studio Solution File, Format Version 12.00
# Visual Studio 15
VisualStudioVersion = 15.0.28307.421
MinimumVisualStudioVersion = 10.0.40219.1
Project("{888888A0-9F3D-457C-B088-3A5042F75D52}") = "DecPy", "DecPy\DecPy.pyproj", "{A80949E1-C676-462C-8C97-CCEBE4A688CA}"
EndProject
Global
	GlobalSection(SolutionConfigurationPlatforms) = preSolution
		Debug|Any CPU = Debug|Any CPU
		Release|Any CPU = Release|Any CPU
	EndGlobalSection
	GlobalSection(ProjectConfigurationPlatforms) = postSolution
		{A80949E1-C676-462C-8C97-CCEBE4A688CA}.Debug|Any CPU.ActiveCfg = Debug|Any CPU
		{A80949E1-C676-462C-8C97-CCEBE4A688CA}.Release|Any CPU.ActiveCfg = Release|Any CPU
	EndGlobalSection
	GlobalSection(SolutionProperties) = preSolution
		HideSolutionNode = FALSE
	EndGlobalSection
	GlobalSection(ExtensibilityGlobals) = postSolution
		SolutionGuid = {17B53180-29E7-40AA-B3FF-3CE688680670}
	EndGlobalSection
EndGlobal
